PODS:
  - Alamofire (5.4.3)
  - Kingfisher (6.3.1)
  - lottie-ios (3.2.2)

DEPENDENCIES:
  - Alamofire (~> 5.4)
  - Kingfisher
  - lottie-ios

SPEC REPOS:
  trunk:
    - Alamofire
    - Kingfisher
    - lottie-ios

SPEC CHECKSUMS:
  Alamofire: e447a2774a40c996748296fa2c55112fdbbc42f9
  Kingfisher: 016c8b653a35add51dd34a3aba36b580041acc74
  lottie-ios: a033bb989eea77d9f99cc4e2bbdd3788229761ad

PODFILE CHECKSUM: d61ee8707892b475ee391afc5b1a09a477242a71

COCOAPODS: 1.11.2
